
Microsoft Visual Studio Solution File, Format Version 12.00
# Visual Studio Version 16
VisualStudioVersion = 16.0.28729.10
MinimumVisualStudioVersion = 10.0.40219.1
Project("{2150E333-8FDC-42A3-9474-1A3956D46DE8}") = "Simple", "Simple", "{82C9100B-7429-4F1D-93BC-57900FF2F8CC}"
EndProject
Project("{2150E333-8FDC-42A3-9474-1A3956D46DE8}") = "Advanced", "Advanced", "{9EDD8964-2B25-4189-8FC2-A9C2BD77E09B}"
EndProject
Project("{9A19103F-16F7-4668-BE54-9A1E7A4F7556}") = "ServiceBus.WebClient", "ServiceBus.WebClient\ServiceBus.WebClient.csproj", "{7A01A323-7A85-4727-9549-5EC8E2777B5F}"
EndProject
Project("{9A19103F-16F7-4668-BE54-9A1E7A4F7556}") = "ServiceBus.AuditsService", "ServiceBus.AuditsService\ServiceBus.AuditsService.csproj", "{C1BBEB79-4AFE-461C-86B8-A3805C118FCF}"
EndProject
Project("{9A19103F-16F7-4668-BE54-9A1E7A4F7556}") = "ServiceBus.LogsService", "ServiceBus.LogsService\ServiceBus.LogsService.csproj", "{84D28DDF-E305-49E8-9808-4C04C13BD5BB}"
EndProject
Project("{9A19103F-16F7-4668-BE54-9A1E7A4F7556}") = "ServiceBus.DataContract", "ServiceBus.DataContract\ServiceBus.DataContract.csproj", "{ECD2FEDC-7522-4F32-83A8-BF451836661A}"
EndProject
Project("{9A19103F-16F7-4668-BE54-9A1E7A4F7556}") = "ServiceBus.Common", "ServiceBus.Common\ServiceBus.Common.csproj", "{2F66CA8D-1B2B-44E5-8D25-C5099D723101}"
EndProject
Project("{2150E333-8FDC-42A3-9474-1A3956D46DE8}") = "BusinessLogic", "BusinessLogic", "{36F6AC50-A205-4578-90FB-3A66A7CE14BB}"
EndProject
Project("{9A19103F-16F7-4668-BE54-9A1E7A4F7556}") = "ServiceBus.BusinessLogic", "ServiceBus.BusinessLogic\ServiceBus.BusinessLogic.csproj", "{F7A97170-226E-4D47-A235-5BF152EDF09E}"
EndProject
Project("{2150E333-8FDC-42A3-9474-1A3956D46DE8}") = "Clients", "Clients", "{81592DEB-1740-4C77-BAF6-C398441D3F25}"
EndProject
Project("{2150E333-8FDC-42A3-9474-1A3956D46DE8}") = "Queue", "Queue", "{53C56BEA-6182-4011-A295-A340C504B649}"
EndProject
Project("{2150E333-8FDC-42A3-9474-1A3956D46DE8}") = "Topic", "Topic", "{7B202FF2-E82A-49B1-AB3A-CDA0AF40CE3D}"
EndProject
Project("{FAE04EC0-301F-11D3-BF4B-00C04F79EFBC}") = "ServiceBus.QueueSender", "ServiceBus.QueueSender\ServiceBus.QueueSender.csproj", "{BF692B2B-1E8D-49B3-9D59-40828F7A988C}"
EndProject
Project("{FAE04EC0-301F-11D3-BF4B-00C04F79EFBC}") = "ServiceBus.QueueReceiver", "ServiceBus.QueueReceiver\ServiceBus.QueueReceiver.csproj", "{B866520F-8C4D-454A-AB83-E4B61AF2D3A3}"
EndProject
Project("{FAE04EC0-301F-11D3-BF4B-00C04F79EFBC}") = "ServiceBus.DataContract", "ServiceBus.QueueDataContract\ServiceBus.DataContract.csproj", "{38937404-AE40-4494-85C1-0DEDDFC175FB}"
EndProject
Project("{FAE04EC0-301F-11D3-BF4B-00C04F79EFBC}") = "ServiceBus.TopicSender", "ServiceBus.TopicSender\ServiceBus.TopicSender.csproj", "{E4175B35-C2B7-4EF8-840D-1CC642409002}"
EndProject
Project("{FAE04EC0-301F-11D3-BF4B-00C04F79EFBC}") = "ServiceBus.TopicReceiverJson", "ServiceBus.TopicReceiverJson\ServiceBus.TopicReceiverJson.csproj", "{683EED3D-F0A9-48F2-8645-5AFDC2272017}"
EndProject
Project("{FAE04EC0-301F-11D3-BF4B-00C04F79EFBC}") = "ServiceBus.TopicReceiverObject", "ServiceBus.TopicReceiverObject\ServiceBus.TopicReceiverObject.csproj", "{0A9ABBD2-CF61-4C4B-BD52-56754B44CB65}"
EndProject
Project("{FAE04EC0-301F-11D3-BF4B-00C04F79EFBC}") = "ServiceBus.TopicReceiver", "ServiceBus.TopicReceiver\ServiceBus.TopicReceiver.csproj", "{AF9975DE-0C7F-4A25-9880-C738BA6A1E87}"
EndProject
Global
	GlobalSection(SolutionConfigurationPlatforms) = preSolution
		Debug|Any CPU = Debug|Any CPU
		Release|Any CPU = Release|Any CPU
	EndGlobalSection
	GlobalSection(ProjectConfigurationPlatforms) = postSolution
		{7A01A323-7A85-4727-9549-5EC8E2777B5F}.Debug|Any CPU.ActiveCfg = Debug|Any CPU
		{7A01A323-7A85-4727-9549-5EC8E2777B5F}.Debug|Any CPU.Build.0 = Debug|Any CPU
		{7A01A323-7A85-4727-9549-5EC8E2777B5F}.Release|Any CPU.ActiveCfg = Release|Any CPU
		{7A01A323-7A85-4727-9549-5EC8E2777B5F}.Release|Any CPU.Build.0 = Release|Any CPU
		{C1BBEB79-4AFE-461C-86B8-A3805C118FCF}.Debug|Any CPU.ActiveCfg = Debug|Any CPU
		{C1BBEB79-4AFE-461C-86B8-A3805C118FCF}.Debug|Any CPU.Build.0 = Debug|Any CPU
		{C1BBEB79-4AFE-461C-86B8-A3805C118FCF}.Release|Any CPU.ActiveCfg = Release|Any CPU
		{C1BBEB79-4AFE-461C-86B8-A3805C118FCF}.Release|Any CPU.Build.0 = Release|Any CPU
		{84D28DDF-E305-49E8-9808-4C04C13BD5BB}.Debug|Any CPU.ActiveCfg = Debug|Any CPU
		{84D28DDF-E305-49E8-9808-4C04C13BD5BB}.Debug|Any CPU.Build.0 = Debug|Any CPU
		{84D28DDF-E305-49E8-9808-4C04C13BD5BB}.Release|Any CPU.ActiveCfg = Release|Any CPU
		{84D28DDF-E305-49E8-9808-4C04C13BD5BB}.Release|Any CPU.Build.0 = Release|Any CPU
		{ECD2FEDC-7522-4F32-83A8-BF451836661A}.Debug|Any CPU.ActiveCfg = Debug|Any CPU
		{ECD2FEDC-7522-4F32-83A8-BF451836661A}.Debug|Any CPU.Build.0 = Debug|Any CPU
		{ECD2FEDC-7522-4F32-83A8-BF451836661A}.Release|Any CPU.ActiveCfg = Release|Any CPU
		{ECD2FEDC-7522-4F32-83A8-BF451836661A}.Release|Any CPU.Build.0 = Release|Any CPU
		{2F66CA8D-1B2B-44E5-8D25-C5099D723101}.Debug|Any CPU.ActiveCfg = Debug|Any CPU
		{2F66CA8D-1B2B-44E5-8D25-C5099D723101}.Debug|Any CPU.Build.0 = Debug|Any CPU
		{2F66CA8D-1B2B-44E5-8D25-C5099D723101}.Release|Any CPU.ActiveCfg = Release|Any CPU
		{2F66CA8D-1B2B-44E5-8D25-C5099D723101}.Release|Any CPU.Build.0 = Release|Any CPU
		{F7A97170-226E-4D47-A235-5BF152EDF09E}.Debug|Any CPU.ActiveCfg = Debug|Any CPU
		{F7A97170-226E-4D47-A235-5BF152EDF09E}.Debug|Any CPU.Build.0 = Debug|Any CPU
		{F7A97170-226E-4D47-A235-5BF152EDF09E}.Release|Any CPU.ActiveCfg = Release|Any CPU
		{F7A97170-226E-4D47-A235-5BF152EDF09E}.Release|Any CPU.Build.0 = Release|Any CPU
		{BF692B2B-1E8D-49B3-9D59-40828F7A988C}.Debug|Any CPU.ActiveCfg = Debug|Any CPU
		{BF692B2B-1E8D-49B3-9D59-40828F7A988C}.Debug|Any CPU.Build.0 = Debug|Any CPU
		{BF692B2B-1E8D-49B3-9D59-40828F7A988C}.Release|Any CPU.ActiveCfg = Release|Any CPU
		{BF692B2B-1E8D-49B3-9D59-40828F7A988C}.Release|Any CPU.Build.0 = Release|Any CPU
		{B866520F-8C4D-454A-AB83-E4B61AF2D3A3}.Debug|Any CPU.ActiveCfg = Debug|Any CPU
		{B866520F-8C4D-454A-AB83-E4B61AF2D3A3}.Debug|Any CPU.Build.0 = Debug|Any CPU
		{B866520F-8C4D-454A-AB83-E4B61AF2D3A3}.Release|Any CPU.ActiveCfg = Release|Any CPU
		{B866520F-8C4D-454A-AB83-E4B61AF2D3A3}.Release|Any CPU.Build.0 = Release|Any CPU
		{38937404-AE40-4494-85C1-0DEDDFC175FB}.Debug|Any CPU.ActiveCfg = Debug|Any CPU
		{38937404-AE40-4494-85C1-0DEDDFC175FB}.Debug|Any CPU.Build.0 = Debug|Any CPU
		{38937404-AE40-4494-85C1-0DEDDFC175FB}.Release|Any CPU.ActiveCfg = Release|Any CPU
		{38937404-AE40-4494-85C1-0DEDDFC175FB}.Release|Any CPU.Build.0 = Release|Any CPU
		{E4175B35-C2B7-4EF8-840D-1CC642409002}.Debug|Any CPU.ActiveCfg = Debug|Any CPU
		{E4175B35-C2B7-4EF8-840D-1CC642409002}.Debug|Any CPU.Build.0 = Debug|Any CPU
		{E4175B35-C2B7-4EF8-840D-1CC642409002}.Release|Any CPU.ActiveCfg = Release|Any CPU
		{E4175B35-C2B7-4EF8-840D-1CC642409002}.Release|Any CPU.Build.0 = Release|Any CPU
		{683EED3D-F0A9-48F2-8645-5AFDC2272017}.Debug|Any CPU.ActiveCfg = Debug|Any CPU
		{683EED3D-F0A9-48F2-8645-5AFDC2272017}.Debug|Any CPU.Build.0 = Debug|Any CPU
		{683EED3D-F0A9-48F2-8645-5AFDC2272017}.Release|Any CPU.ActiveCfg = Release|Any CPU
		{683EED3D-F0A9-48F2-8645-5AFDC2272017}.Release|Any CPU.Build.0 = Release|Any CPU
		{0A9ABBD2-CF61-4C4B-BD52-56754B44CB65}.Debug|Any CPU.ActiveCfg = Debug|Any CPU
		{0A9ABBD2-CF61-4C4B-BD52-56754B44CB65}.Debug|Any CPU.Build.0 = Debug|Any CPU
		{0A9ABBD2-CF61-4C4B-BD52-56754B44CB65}.Release|Any CPU.ActiveCfg = Release|Any CPU
		{0A9ABBD2-CF61-4C4B-BD52-56754B44CB65}.Release|Any CPU.Build.0 = Release|Any CPU
		{AF9975DE-0C7F-4A25-9880-C738BA6A1E87}.Debug|Any CPU.ActiveCfg = Debug|Any CPU
		{AF9975DE-0C7F-4A25-9880-C738BA6A1E87}.Debug|Any CPU.Build.0 = Debug|Any CPU
		{AF9975DE-0C7F-4A25-9880-C738BA6A1E87}.Release|Any CPU.ActiveCfg = Release|Any CPU
		{AF9975DE-0C7F-4A25-9880-C738BA6A1E87}.Release|Any CPU.Build.0 = Release|Any CPU
	EndGlobalSection
	GlobalSection(SolutionProperties) = preSolution
		HideSolutionNode = FALSE
	EndGlobalSection
	GlobalSection(NestedProjects) = preSolution
		{7A01A323-7A85-4727-9549-5EC8E2777B5F} = {81592DEB-1740-4C77-BAF6-C398441D3F25}
		{C1BBEB79-4AFE-461C-86B8-A3805C118FCF} = {81592DEB-1740-4C77-BAF6-C398441D3F25}
		{84D28DDF-E305-49E8-9808-4C04C13BD5BB} = {81592DEB-1740-4C77-BAF6-C398441D3F25}
		{ECD2FEDC-7522-4F32-83A8-BF451836661A} = {36F6AC50-A205-4578-90FB-3A66A7CE14BB}
		{2F66CA8D-1B2B-44E5-8D25-C5099D723101} = {36F6AC50-A205-4578-90FB-3A66A7CE14BB}
		{36F6AC50-A205-4578-90FB-3A66A7CE14BB} = {9EDD8964-2B25-4189-8FC2-A9C2BD77E09B}
		{F7A97170-226E-4D47-A235-5BF152EDF09E} = {36F6AC50-A205-4578-90FB-3A66A7CE14BB}
		{81592DEB-1740-4C77-BAF6-C398441D3F25} = {9EDD8964-2B25-4189-8FC2-A9C2BD77E09B}
		{53C56BEA-6182-4011-A295-A340C504B649} = {82C9100B-7429-4F1D-93BC-57900FF2F8CC}
		{7B202FF2-E82A-49B1-AB3A-CDA0AF40CE3D} = {82C9100B-7429-4F1D-93BC-57900FF2F8CC}
		{BF692B2B-1E8D-49B3-9D59-40828F7A988C} = {53C56BEA-6182-4011-A295-A340C504B649}
		{B866520F-8C4D-454A-AB83-E4B61AF2D3A3} = {53C56BEA-6182-4011-A295-A340C504B649}
		{38937404-AE40-4494-85C1-0DEDDFC175FB} = {82C9100B-7429-4F1D-93BC-57900FF2F8CC}
		{E4175B35-C2B7-4EF8-840D-1CC642409002} = {7B202FF2-E82A-49B1-AB3A-CDA0AF40CE3D}
		{683EED3D-F0A9-48F2-8645-5AFDC2272017} = {7B202FF2-E82A-49B1-AB3A-CDA0AF40CE3D}
		{0A9ABBD2-CF61-4C4B-BD52-56754B44CB65} = {7B202FF2-E82A-49B1-AB3A-CDA0AF40CE3D}
		{AF9975DE-0C7F-4A25-9880-C738BA6A1E87} = {7B202FF2-E82A-49B1-AB3A-CDA0AF40CE3D}
	EndGlobalSection
	GlobalSection(ExtensibilityGlobals) = postSolution
		SolutionGuid = {A0F71C75-A76C-4D75-B195-C8788B56C9DB}
	EndGlobalSection
EndGlobal
